
Microsoft Visual Studio Solution File, Format Version 12.00
# Visual Studio Version 17
VisualStudioVersion = 17.10.34928.147
MinimumVisualStudioVersion = 10.0.40219.1
Project("{FAE04EC0-301F-11D3-BF4B-00C04F79EFBC}") = "openiddict-password-degradedmode", "openiddict-password-degradedmode.csproj", "{D2B541E5-5C5E-45A4-829A-A6C15B14544C}"
EndProject
Global
	GlobalSection(SolutionConfigurationPlatforms) = preSolution
		Debug|Any CPU = Debug|Any CPU
		Release|Any CPU = Release|Any CPU
	EndGlobalSection
	GlobalSection(ProjectConfigurationPlatforms) = postSolution
		{D2B541E5-5C5E-45A4-829A-A6C15B14544C}.Debug|Any CPU.ActiveCfg = Debug|Any CPU
		{D2B541E5-5C5E-45A4-829A-A6C15B14544C}.Debug|Any CPU.Build.0 = Debug|Any CPU
		{D2B541E5-5C5E-45A4-829A-A6C15B14544C}.Release|Any CPU.ActiveCfg = Release|Any CPU
		{D2B541E5-5C5E-45A4-829A-A6C15B14544C}.Release|Any CPU.Build.0 = Release|Any CPU
	EndGlobalSection
	GlobalSection(SolutionProperties) = preSolution
		HideSolutionNode = FALSE
	EndGlobalSection
	GlobalSection(ExtensibilityGlobals) = postSolution
		SolutionGuid = {8871EEC0-5202-4397-922C-E0BF08E52748}
	EndGlobalSection
EndGlobal
